// !$*UTF8*$!
{
	archiveVersion = 1;
	classes = {
	};
	objectVersion = 46;
	objects = {

/* Begin PBXBuildFile section */
		E6B675931B1F1D4400F6F680 /* main.m in Sources */ = {isa = PBXBuildFile; fileRef = E6B675921B1F1D4400F6F680 /* main.m */; };
		E6B675961B1F1D4400F6F680 /* AppDelegate.m in Sources */ = {isa = PBXBuildFile; fileRef = E6B675951B1F1D4400F6F680 /* AppDelegate.m */; };
		E6B675991B1F1D4400F6F680 /* ViewController.m in Sources */ = {isa = PBXBuildFile; fileRef = E6B675981B1F1D4400F6F680 /* ViewController.m */; };
		E6B6759C1B1F1D4400F6F680 /* Main.storyboard in Resources */ = {isa = PBXBuildFile; fileRef = E6B6759A1B1F1D4400F6F680 /* Main.storyboard */; };
		E6B6759E1B1F1D4400F6F680 /* Images.xcassets in Resources */ = {isa = PBXBuildFile; fileRef = E6B6759D1B1F1D4400F6F680 /* Images.xcassets */; };
		E6B675A11B1F1D4400F6F680 /* LaunchScreen.xib in Resources */ = {isa = PBXBuildFile; fileRef = E6B6759F1B1F1D4400F6F680 /* LaunchScreen.xib */; };
		E6B675AD1B1F1D4500F6F680 /* MSCRevealTestTests.m in Sources */ = {isa = PBXBuildFile; fileRef = E6B675AC1B1F1D4500F6F680 /* MSCRevealTestTests.m */; };
/* End PBXBuildFile section */

/* Begin PBXContainerItemProxy section */
		E6B675A71B1F1D4500F6F680 /* PBXContainerItemProxy */ = {
			isa = PBXContainerItemProxy;
			containerPortal = E6B675851B1F1D4400F6F680 /* Project object */;
			proxyType = 1;
			remoteGlobalIDString = E6B6758C1B1F1D4400F6F680;
			remoteInfo = MSCRevealTest;
		};
/* End PBXContainerItemProxy section */

/* Begin PBXFileReference section */
		E6B6758D1B1F1D4400F6F680 /* MSCRevealTest.app */ = {isa = PBXFileReference; explicitFileType = wrapper.application; includeInIndex = 0; path = MSCRevealTest.app; sourceTree = BUILT_PRODUCTS_DIR; };
		E6B675911B1F1D4400F6F680 /* Info.plist */ = {isa = PBXFileReference; lastKnownFileType = text.plist.xml; path = Info.plist; sourceTree = "<group>"; };
		E6B675921B1F1D4400F6F680 /* main.m */ = {isa = PBXFileReference; lastKnownFileType = sourcecode.c.objc; path = main.m; sourceTree = "<group>"; };
		E6B675941B1F1D4400F6F680 /* AppDelegate.h */ = {isa = PBXFileReference; lastKnownFileType = sourcecode.c.h; path = AppDelegate.h; sourceTree = "<group>"; };
		E6B675951B1F1D4400F6F680 /* AppDelegate.m */ = {isa = PBXFileReference; lastKnownFileType = sourcecode.c.objc; path = AppDelegate.m; sourceTree = "<group>"; };
		E6B675971B1F1D4400F6F680 /* ViewController.h */ = {isa = PBXFileReference; lastKnownFileType = sourcecode.c.h; path = ViewController.h; sourceTree = "<group>"; };
		E6B675981B1F1D4400F6F680 /* ViewController.m */ = {isa = PBXFileReference; lastKnownFileType = sourcecode.c.objc; path = ViewController.m; sourceTree = "<group>"; };
		E6B6759B1B1F1D4400F6F680 /* Base */ = {isa = PBXFileReference; lastKnownFileType = file.storyboard; name = Base; path = Base.lproj/Main.storyboard; sourceTree = "<group>"; };
		E6B6759D1B1F1D4400F6F680 /* Images.xcassets */ = {isa = PBXFileReference; lastKnownFileType = folder.assetcatalog; path = Images.xcassets; sourceTree = "<group>"; };
		E6B675A01B1F1D4400F6F680 /* Base */ = {isa = PBXFileReference; lastKnownFileType = file.xib; name = Base; path = Base.lproj/LaunchScreen.xib; sourceTree = "<group>"; };
		E6B675A61B1F1D4500F6F680 /* MSCRevealTestTests.xctest */ = {isa = PBXFileReference; explicitFileType = wrapper.cfbundle; includeInIndex = 0; path = MSCRevealTestTests.xctest; sourceTree = BUILT_PRODUCTS_DIR; };
		E6B675AB1B1F1D4500F6F680 /* Info.plist */ = {isa = PBXFileReference; lastKnownFileType = text.plist.xml; path = Info.plist; sourceTree = "<group>"; };
		E6B675AC1B1F1D4500F6F680 /* MSCRevealTestTests.m */ = {isa = PBXFileReference; lastKnownFileType = sourcecode.c.objc; path = MSCRevealTestTests.m; sourceTree = "<group>"; };
/* End PBXFileReference section */

/* Begin PBXFrameworksBuildPhase section */
		E6B6758A1B1F1D4400F6F680 /* Frameworks */ = {
			isa = PBXFrameworksBuildPhase;
			buildActionMask = 2147483647;
			files = (
			);
			runOnlyForDeploymentPostprocessing = 0;
		};
		E6B675A31B1F1D4500F6F680 /* Frameworks */ = {
			isa = PBXFrameworksBuildPhase;
			buildActionMask = 2147483647;
			files = (
			);
			runOnlyForDeploymentPostprocessing = 0;
		};
/* End PBXFrameworksBuildPhase section */

/* Begin PBXGroup section */
		E6B675841B1F1D4400F6F680 = {
			isa = PBXGroup;
			children = (
				E6B6758F1B1F1D4400F6F680 /* MSCRevealTest */,
				E6B675A91B1F1D4500F6F680 /* MSCRevealTestTests */,
				E6B6758E1B1F1D4400F6F680 /* Products */,
			);
			sourceTree = "<group>";
		};
		E6B6758E1B1F1D4400F6F680 /* Products */ = {
			isa = PBXGroup;
			children = (
				E6B6758D1B1F1D4400F6F680 /* MSCRevealTest.app */,
				E6B675A61B1F1D4500F6F680 /* MSCRevealTestTests.xctest */,
			);
			name = Products;
			sourceTree = "<group>";
		};
		E6B6758F1B1F1D4400F6F680 /* MSCRevealTest */ = {
			isa = PBXGroup;
			children = (
				E6B675941B1F1D4400F6F680 /* AppDelegate.h */,
				E6B675951B1F1D4400F6F680 /* AppDelegate.m */,
				E6B675971B1F1D4400F6F680 /* ViewController.h */,
				E6B675981B1F1D4400F6F680 /* ViewController.m */,
				E6B6759A1B1F1D4400F6F680 /* Main.storyboard */,
				E6B6759D1B1F1D4400F6F680 /* Images.xcassets */,
				E6B6759F1B1F1D4400F6F680 /* LaunchScreen.xib */,
				E6B675901B1F1D4400F6F680 /* Supporting Files */,
			);
			path = MSCRevealTest;
			sourceTree = "<group>";
		};
		E6B675901B1F1D4400F6F680 /* Supporting Files */ = {
			isa = PBXGroup;
			children = (
				E6B675911B1F1D4400F6F680 /* Info.plist */,
				E6B675921B1F1D4400F6F680 /* main.m */,
			);
			name = "Supporting Files";
			sourceTree = "<group>";
		};
		E6B675A91B1F1D4500F6F680 /* MSCRevealTestTests */ = {
			isa = PBXGroup;
			children = (
				E6B675AC1B1F1D4500F6F680 /* MSCRevealTestTests.m */,
				E6B675AA1B1F1D4500F6F680 /* Supporting Files */,
			);
			path = MSCRevealTestTests;
			sourceTree = "<group>";
		};
		E6B675AA1B1F1D4500F6F680 /* Supporting Files */ = {
			isa = PBXGroup;
			children = (
				E6B675AB1B1F1D4500F6F680 /* Info.plist */,
			);
			name = "Supporting Files";
			sourceTree = "<group>";
		};
/* End PBXGroup section */

/* Begin PBXNativeTarget section */
		E6B6758C1B1F1D4400F6F680 /* MSCRevealTest */ = {
			isa = PBXNativeTarget;
			buildConfigurationList = E6B675B01B1F1D4500F6F680 /* Build configuration list for PBXNativeTarget "MSCRevealTest" */;
			buildPhases = (
				E6B675891B1F1D4400F6F680 /* Sources */,
				E6B6758A1B1F1D4400F6F680 /* Frameworks */,
				E6B6758B1B1F1D4400F6F680 /* Resources */,
			);
			buildRules = (
			);
			dependencies = (
			);
			name = MSCRevealTest;
			productName = MSCRevealTest;
			productReference = E6B6758D1B1F1D4400F6F680 /* MSCRevealTest.app */;
			productType = "com.apple.product-type.application";
		};
		E6B675A51B1F1D4500F6F680 /* MSCRevealTestTests */ = {
			isa = PBXNativeTarget;
			buildConfigurationList = E6B675B31B1F1D4500F6F680 /* Build configuration list for PBXNativeTarget "MSCRevealTestTests" */;
			buildPhases = (
				E6B675A21B1F1D4500F6F680 /* Sources */,
				E6B675A31B1F1D4500F6F680 /* Frameworks */,
				E6B675A41B1F1D4500F6F680 /* Resources */,
			);
			buildRules = (
			);
			dependencies = (
				E6B675A81B1F1D4500F6F680 /* PBXTargetDependency */,
			);
			name = MSCRevealTestTests;
			productName = MSCRevealTestTests;
			productReference = E6B675A61B1F1D4500F6F680 /* MSCRevealTestTests.xctest */;
			productType = "com.apple.product-type.bundle.unit-test";
		};
/* End PBXNativeTarget section */

/* Begin PBXProject section */
		E6B675851B1F1D4400F6F680 /* Project object */ = {
			isa = PBXProject;
			attributes = {
				LastUpgradeCheck = 0610;
				ORGANIZATIONNAME = marijn;
				TargetAttributes = {
					E6B6758C1B1F1D4400F6F680 = {
						CreatedOnToolsVersion = 6.1.1;
					};
					E6B675A51B1F1D4500F6F680 = {
						CreatedOnToolsVersion = 6.1.1;
						TestTargetID = E6B6758C1B1F1D4400F6F680;
					};
				};
			};
			buildConfigurationList = E6B675881B1F1D4400F6F680 /* Build configuration list for PBXProject "MSCRevealTest" */;
			compatibilityVersion = "Xcode 3.2";
			developmentRegion = English;
			hasScannedForEncodings = 0;
			knownRegions = (
				en,
				Base,
			);
			mainGroup = E6B675841B1F1D4400F6F680;
			productRefGroup = E6B6758E1B1F1D4400F6F680 /* Products */;
			projectDirPath = "";
			projectRoot = "";
			targets = (
				E6B6758C1B1F1D4400F6F680 /* MSCRevealTest */,
				E6B675A51B1F1D4500F6F680 /* MSCRevealTestTests */,
			);
		};
/* End PBXProject section */

/* Begin PBXResourcesBuildPhase section */
		E6B6758B1B1F1D4400F6F680 /* Resources */ = {
			isa = PBXResourcesBuildPhase;
			buildActionMask = 2147483647;
			files = (
				E6B6759C1B1F1D4400F6F680 /* Main.storyboard in Resources */,
				E6B675A11B1F1D4400F6F680 /* LaunchScreen.xib in Resources */,
				E6B6759E1B1F1D4400F6F680 /* Images.xcassets in Resources */,
			);
			runOnlyForDeploymentPostprocessing = 0;
		};
		E6B675A41B1F1D4500F6F680 /* Resources */ = {
			isa = PBXResourcesBuildPhase;
			buildActionMask = 2147483647;
			files = (
			);
			runOnlyForDeploymentPostprocessing = 0;
		};
/* End PBXResourcesBuildPhase section */

/* Begin PBXSourcesBuildPhase section */
		E6B675891B1F1D4400F6F680 /* Sources */ = {
			isa = PBXSourcesBuildPhase;
			buildActionMask = 2147483647;
			files = (
				E6B675991B1F1D4400F6F680 /* ViewController.m in Sources */,
				E6B675961B1F1D4400F6F680 /* AppDelegate.m in Sources */,
				E6B675931B1F1D4400F6F680 /* main.m in Sources */,
			);
			runOnlyForDeploymentPostprocessing = 0;
		};
		E6B675A21B1F1D4500F6F680 /* Sources */ = {
			isa = PBXSourcesBuildPhase;
			buildActionMask = 2147483647;
			files = (
				E6B675AD1B1F1D4500F6F680 /* MSCRevealTestTests.m in Sources */,
			);
			runOnlyForDeploymentPostprocessing = 0;
		};
/* End PBXSourcesBuildPhase section */

/* Begin PBXTargetDependency section */
		E6B675A81B1F1D4500F6F680 /* PBXTargetDependency */ = {
			isa = PBXTargetDependency;
			target = E6B6758C1B1F1D4400F6F680 /* MSCRevealTest */;
			targetProxy = E6B675A71B1F1D4500F6F680 /* PBXContainerItemProxy */;
		};
/* End PBXTargetDependency section */

/* Begin PBXVariantGroup section */
		E6B6759A1B1F1D4400F6F680 /* Main.storyboard */ = {
			isa = PBXVariantGroup;
			children = (
				E6B6759B1B1F1D4400F6F680 /* Base */,
			);
			name = Main.storyboard;
			sourceTree = "<group>";
		};
		E6B6759F1B1F1D4400F6F680 /* LaunchScreen.xib */ = {
			isa = PBXVariantGroup;
			children = (
				E6B675A01B1F1D4400F6F680 /* Base */,
			);
			name = LaunchScreen.xib;
			sourceTree = "<group>";
		};
/* End PBXVariantGroup section */

/* Begin XCBuildConfiguration section */
		E6B675AE1B1F1D4500F6F680 /* Debug */ = {
			isa = XCBuildConfiguration;
			buildSettings = {
				ALWAYS_SEARCH_USER_PATHS = NO;
				CLANG_CXX_LANGUAGE_STANDARD = "gnu++0x";
				CLANG_CXX_LIBRARY = "libc++";
				CLANG_ENABLE_MODULES = YES;
				CLANG_ENABLE_OBJC_ARC = YES;
				CLANG_WARN_BOOL_CONVERSION = YES;
				CLANG_WARN_CONSTANT_CONVERSION = YES;
				CLANG_WARN_DIRECT_OBJC_ISA_USAGE = YES_ERROR;
				CLANG_WARN_EMPTY_BODY = YES;
				CLANG_WARN_ENUM_CONVERSION = YES;
				CLANG_WARN_INT_CONVERSION = YES;
				CLANG_WARN_OBJC_ROOT_CLASS = YES_ERROR;
				CLANG_WARN_UNREACHABLE_CODE = YES;
				CLANG_WARN__DUPLICATE_METHOD_MATCH = YES;
				"CODE_SIGN_IDENTITY[sdk=iphoneos*]" = "iPhone Developer";
				COPY_PHASE_STRIP = NO;
				ENABLE_STRICT_OBJC_MSGSEND = YES;
				GCC_C_LANGUAGE_STANDARD = gnu99;
				GCC_DYNAMIC_NO_PIC = NO;
				GCC_OPTIMIZATION_LEVEL = 0;
				GCC_PREPROCESSOR_DEFINITIONS = (
					"DEBUG=1",
					"$(inherited)",
				);
				GCC_SYMBOLS_PRIVATE_EXTERN = NO;
				GCC_WARN_64_TO_32_BIT_CONVERSION = YES;
				GCC_WARN_ABOUT_RETURN_TYPE = YES_ERROR;
				GCC_WARN_UNDECLARED_SELECTOR = YES;
				GCC_WARN_UNINITIALIZED_AUTOS = YES_AGGRESSIVE;
				GCC_WARN_UNUSED_FUNCTION = YES;
				GCC_WARN_UNUSED_VARIABLE = YES;
				IPHONEOS_DEPLOYMENT_TARGET = 8.1;
				MTL_ENABLE_DEBUG_INFO = YES;
				ONLY_ACTIVE_ARCH = YES;
				SDKROOT = iphoneos;
			};
			name = Debug;
		};
		E6B675AF1B1F1D4500F6F680 /* Release */ = {
			isa = XCBuildConfiguration;
			buildSettings = {
				ALWAYS_SEARCH_USER_PATHS = NO;
				CLANG_CXX_LANGUAGE_STANDARD = "gnu++0x";
				CLANG_CXX_LIBRARY = "libc++";
				CLANG_ENABLE_MODULES = YES;
				CLANG_ENABLE_OBJC_ARC = YES;
				CLANG_WARN_BOOL_CONVERSION = YES;
				CLANG_WARN_CONSTANT_CONVERSION = YES;
				CLANG_WARN_DIRECT_OBJC_ISA_USAGE = YES_ERROR;
				CLANG_WARN_EMPTY_BODY = YES;
				CLANG_WARN_ENUM_CONVERSION = YES;
				CLANG_WARN_INT_CONVERSION = YES;
				CLANG_WARN_OBJC_ROOT_CLASS = YES_ERROR;
				CLANG_WARN_UNREACHABLE_CODE = YES;
				CLANG_WARN__DUPLICATE_METHOD_MATCH = YES;
				"CODE_SIGN_IDENTITY[sdk=iphoneos*]" = "iPhone Developer";
				COPY_PHASE_STRIP = YES;
				ENABLE_NS_ASSERTIONS = NO;
				ENABLE_STRICT_OBJC_MSGSEND = YES;
				GCC_C_LANGUAGE_STANDARD = gnu99;
				GCC_WARN_64_TO_32_BIT_CONVERSION = YES;
				GCC_WARN_ABOUT_RETURN_TYPE = YES_ERROR;
				GCC_WARN_UNDECLARED_SELECTOR = YES;
				GCC_WARN_UNINITIALIZED_AUTOS = YES_AGGRESSIVE;
				GCC_WARN_UNUSED_FUNCTION = YES;
				GCC_WARN_UNUSED_VARIABLE = YES;
				IPHONEOS_DEPLOYMENT_TARGET = 8.1;
				MTL_ENABLE_DEBUG_INFO = NO;
				SDKROOT = iphoneos;
				VALIDATE_PRODUCT = YES;
			};
			name = Release;
		};
		E6B675B11B1F1D4500F6F680 /* Debug */ = {
			isa = XCBuildConfiguration;
			buildSettings = {
				ASSETCATALOG_COMPILER_APPICON_NAME = AppIcon;
				INFOPLIST_FILE = MSCRevealTest/Info.plist;
				LD_RUNPATH_SEARCH_PATHS = "$(inherited) @executable_path/Frameworks";
				PRODUCT_NAME = "$(TARGET_NAME)";
			};
			name = Debug;
		};
		E6B675B21B1F1D4500F6F680 /* Release */ = {
			isa = XCBuildConfiguration;
			buildSettings = {
				ASSETCATALOG_COMPILER_APPICON_NAME = AppIcon;
				INFOPLIST_FILE = MSCRevealTest/Info.plist;
				LD_RUNPATH_SEARCH_PATHS = "$(inherited) @executable_path/Frameworks";
				PRODUCT_NAME = "$(TARGET_NAME)";
			};
			name = Release;
		};
		E6B675B41B1F1D4500F6F680 /* Debug */ = {
			isa = XCBuildConfiguration;
			buildSettings = {
				BUNDLE_LOADER = "$(TEST_HOST)";
				FRAMEWORK_SEARCH_PATHS = (
					"$(SDKROOT)/Developer/Library/Frameworks",
					"$(inherited)",
				);
				GCC_PREPROCESSOR_DEFINITIONS = (
					"DEBUG=1",
					"$(inherited)",
				);
				INFOPLIST_FILE = MSCRevealTestTests/Info.plist;
				LD_RUNPATH_SEARCH_PATHS = "$(inherited) @executable_path/Frameworks @loader_path/Frameworks";
				PRODUCT_NAME = "$(TARGET_NAME)";
				TEST_HOST = "$(BUILT_PRODUCTS_DIR)/MSCRevealTest.app/MSCRevealTest";
			};
			name = Debug;
		};
		E6B675B51B1F1D4500F6F680 /* Release */ = {
			isa = XCBuildConfiguration;
			buildSettings = {
				BUNDLE_LOADER = "$(TEST_HOST)";
				FRAMEWORK_SEARCH_PATHS = (
					"$(SDKROOT)/Developer/Library/Frameworks",
					"$(inherited)",
				);
				INFOPLIST_FILE = MSCRevealTestTests/Info.plist;
				LD_RUNPATH_SEARCH_PATHS = "$(inherited) @executable_path/Frameworks @loader_path/Frameworks";
				PRODUCT_NAME = "$(TARGET_NAME)";
				TEST_HOST = "$(BUILT_PRODUCTS_DIR)/MSCRevealTest.app/MSCRevealTest";
			};
			name = Release;
		};
/* End XCBuildConfiguration section */

/* Begin XCConfigurationList section */
		E6B675881B1F1D4400F6F680 /* Build configuration list for PBXProject "MSCRevealTest" */ = {
			isa = XCConfigurationList;
			buildConfigurations = (
				E6B675AE1B1F1D4500F6F680 /* Debug */,
				E6B675AF1B1F1D4500F6F680 /* Release */,
			);
			defaultConfigurationIsVisible = 0;
			defaultConfigurationName = Release;
		};
		E6B675B01B1F1D4500F6F680 /* Build configuration list for PBXNativeTarget "MSCRevealTest" */ = {
			isa = XCConfigurationList;
			buildConfigurations = (
				E6B675B11B1F1D4500F6F680 /* Debug */,
				E6B675B21B1F1D4500F6F680 /* Release */,
			);
			defaultConfigurationIsVisible = 0;
		};
		E6B675B31B1F1D4500F6F680 /* Build configuration list for PBXNativeTarget "MSCRevealTestTests" */ = {
			isa = XCConfigurationList;
			buildConfigurations = (
				E6B675B41B1F1D4500F6F680 /* Debug */,
				E6B675B51B1F1D4500F6F680 /* Release */,
			);
			defaultConfigurationIsVisible = 0;
		};
/* End XCConfigurationList section */
	};
	rootObject = E6B675851B1F1D4400F6F680 /* Project object */;
}
